{
  "version": 1,
  "dependencies": {
    "net10.0-windows7.0": {
      "DotNet.ReproducibleBuilds": {
        "type": "Direct",
        "requested": "[1.2.39, )",
        "resolved": "1.2.39",
        "contentHash": "fcFN01tDTIQqDuTwr1jUQK/geofiwjG5DycJQOnC72i1SsLAk1ELe+apBOuZ11UMQG8YKFZG1FgvjZPbqHyatg=="
      },
      "Microsoft.Extensions.DependencyInjection.Abstractions": {
        "type": "Direct",
        "requested": "[9.0.3, )",
        "resolved": "9.0.3",
        "contentHash": "TfaHPSe39NyL2wxkisRxXK7xvHGZYBZ+dy3r+mqGvnxKgAPdHkMu3QMQZI4pquP6W5FIQBqs8FJpWV8ffCgDqQ=="
      },
      "NLua": {
        "type": "Direct",
        "requested": "[1.7.4, )",
        "resolved": "1.7.4",
        "contentHash": "2KZtcTk0ZRROBAnVrXoEF1Pru1r4rTVQ8Ev5YYmMOjhV6lLosD2S/AKkoHNWe7Er6Swuav2nliVQm12i/zoG6w==",
        "dependencies": {
          "KeraLua": "1.4.3"
        }
      },
      "StyleCop.Analyzers": {
        "type": "Direct",
        "requested": "[1.2.0-beta.556, )",
        "resolved": "1.2.0-beta.556",
        "contentHash": "llRPgmA1fhC0I0QyFLEcjvtM2239QzKr/tcnbsjArLMJxJlu0AA5G7Fft0OI30pHF3MW63Gf4aSSsjc5m82J1Q==",
        "dependencies": {
          "StyleCop.Analyzers.Unstable": "1.2.0.556"
        }
      },
      "KeraLua": {
        "type": "Transitive",
        "resolved": "1.4.3",
        "contentHash": "kHPPwi6s2nH+q6CT5rgY2C3hPCAZdFmoxRm0hsjTkQdUlhtTsoIPd/FUfx/5WdzgbT/IEVP5avB9/QLT0rPMaw=="
      },
      "StyleCop.Analyzers.Unstable": {
        "type": "Transitive",
        "resolved": "1.2.0.556",
        "contentHash": "zvn9Mqs/ox/83cpYPignI8hJEM2A93s2HkHs8HYMOAQW0PkampyoErAiIyKxgTLqbbad29HX/shv/6LGSjPJNQ=="
      },
      "athavar.ffxiv.plugin.click": {
        "type": "Project",
        "dependencies": {
          "Microsoft.Extensions.DependencyInjection.Abstractions": "[9.0.3, )"
        }
      },
      "athavar.ffxiv.plugin.common": {
        "type": "Project",
        "dependencies": {
          "Athavar.FFXIV.Plugin.Config": "[1.0.0, )",
          "Athavar.FFXIV.Plugin.CraftSimulator": "[1.0.0, )",
          "Athavar.FFXIV.Plugin.Models": "[1.0.0, )",
          "Microsoft.Extensions.DependencyInjection.Abstractions": "[9.0.3, )"
        }
      },
      "athavar.ffxiv.plugin.config": {
        "type": "Project",
        "dependencies": {
          "Athavar.FFXIV.Plugin.Models": "[1.0.0, )",
          "Microsoft.Extensions.DependencyInjection.Abstractions": "[9.0.3, )"
        }
      },
      "athavar.ffxiv.plugin.craftsimulator": {
        "type": "Project"
      },
      "athavar.ffxiv.plugin.models": {
        "type": "Project",
        "dependencies": {
          "Microsoft.Extensions.DependencyInjection.Abstractions": "[9.0.3, )"
        }
      }
    }
  }
}