
Microsoft Visual Studio Solution File, Format Version 12.00
# Visual Studio Version 16
VisualStudioVersion = 16.0.31702.278
MinimumVisualStudioVersion = 10.0.40219.1
Project("{9A19103F-16F7-4668-BE54-9A1E7A4F7556}") = "Athavar.FFXIV.Plugin", "Athavar.FFXIV.Plugin\Athavar.FFXIV.Plugin.csproj", "{13C812E9-0D42-4B95-8646-40EEBF30636F}"
EndProject
Project("{2150E333-8FDC-42A3-9474-1A3956D46DE8}") = "Solution Items", "Solution Items", "{8BDFFC78-97F4-4EDF-A886-59E6CD5C0672}"
	ProjectSection(SolutionItems) = preProject
		.editorconfig = .editorconfig
		.gitignore = .gitignore
	EndProjectSection
EndProject
Project("{2150E333-8FDC-42A3-9474-1A3956D46DE8}") = "Github Actions", "Github Actions", "{04D9F194-5D75-4B41-9F1E-18E4FBB0375A}"
	ProjectSection(SolutionItems) = preProject
		.github\workflows\build.yml = .github\workflows\build.yml
		.github\workflows\test.yml = .github\workflows\test.yml
		GitVersion.yml = GitVersion.yml
	EndProjectSection
EndProject
Project("{9A19103F-16F7-4668-BE54-9A1E7A4F7556}") = "FFXIVClientStructs", "lib\FFXIVClientStructs\FFXIVClientStructs\FFXIVClientStructs.csproj", "{E0FC8DF0-5503-4235-A862-601416D21D9C}"
EndProject
Project("{FAE04EC0-301F-11D3-BF4B-00C04F79EFBC}") = "FFXIVClientStructs.InteropSourceGenerators", "lib\FFXIVClientStructs\FFXIVClientStructs.InteropSourceGenerators\FFXIVClientStructs.InteropSourceGenerators.csproj", "{70F46CB0-93A0-44CF-BB72-5AF516AEA771}"
EndProject
Project("{FAE04EC0-301F-11D3-BF4B-00C04F79EFBC}") = "Athavar.FFXIV.Plugin.Common", "src\Athavar.FFXIV.Plugin.Common\Athavar.FFXIV.Plugin.Common.csproj", "{11174787-480D-477C-B1E7-7BDFDA45864B}"
EndProject
Project("{2150E333-8FDC-42A3-9474-1A3956D46DE8}") = "Modules", "Modules", "{C90231D8-310B-43D8-9D5D-218F44C116EE}"
EndProject
Project("{FAE04EC0-301F-11D3-BF4B-00C04F79EFBC}") = "Athavar.FFXIV.Plugin.Instancinator", "src\Athavar.FFXIV.Plugin.Instancinator\Athavar.FFXIV.Plugin.Instancinator.csproj", "{6CBB7829-84CD-4BBD-B850-9440D321E10D}"
EndProject
Project("{FAE04EC0-301F-11D3-BF4B-00C04F79EFBC}") = "Athavar.FFXIV.Plugin.Config", "src\Athavar.FFXIV.Plugin.Config\Athavar.FFXIV.Plugin.Config.csproj", "{D4C93F44-0139-42C7-893D-C7699DDAB22C}"
EndProject
Project("{FAE04EC0-301F-11D3-BF4B-00C04F79EFBC}") = "Athavar.FFXIV.Plugin.CraftSimulator", "src\Athavar.FFXIV.Plugin.CraftSimulator\Athavar.FFXIV.Plugin.CraftSimulator.csproj", "{8871DAE6-299C-4549-8CB1-78FD48D509B5}"
EndProject
Project("{FAE04EC0-301F-11D3-BF4B-00C04F79EFBC}") = "Athavar.FFXIV.Plugin.AutoSpear", "src\Athavar.FFXIV.Plugin.AutoSpear\Athavar.FFXIV.Plugin.AutoSpear.csproj", "{A12649B0-5907-457E-9C53-A4EE4CB40458}"
EndProject
Project("{FAE04EC0-301F-11D3-BF4B-00C04F79EFBC}") = "Athavar.FFXIV.Plugin.Cheat", "src\Athavar.FFXIV.Plugin.Cheat\Athavar.FFXIV.Plugin.Cheat.csproj", "{B43F8630-051F-4ECF-A4F7-FF8F65A947BD}"
EndProject
Project("{FAE04EC0-301F-11D3-BF4B-00C04F79EFBC}") = "Athavar.FFXIV.Plugin.CraftQueue", "src\Athavar.FFXIV.Plugin.CraftQueue\Athavar.FFXIV.Plugin.CraftQueue.csproj", "{7EB16D2A-CF0F-4415-B8A9-41EADD1E761C}"
EndProject
Project("{2150E333-8FDC-42A3-9474-1A3956D46DE8}") = "Libs", "Libs", "{93F3C78C-FB7F-4DBC-89CB-9C78127D3BC6}"
EndProject
Project("{FAE04EC0-301F-11D3-BF4B-00C04F79EFBC}") = "Athavar.FFXIV.Plugin.Click", "src\Athavar.FFXIV.Plugin.Click\Athavar.FFXIV.Plugin.Click.csproj", "{518AFD4A-1BA7-4987-9DD5-82E250AE9BD1}"
EndProject
Project("{FAE04EC0-301F-11D3-BF4B-00C04F79EFBC}") = "Athavar.FFXIV.Plugin.Yes", "src\Athavar.FFXIV.Plugin.Yes\Athavar.FFXIV.Plugin.Yes.csproj", "{1C797D46-CA90-49E1-8ACD-528948331276}"
EndProject
Project("{FAE04EC0-301F-11D3-BF4B-00C04F79EFBC}") = "Athavar.FFXIV.Plugin.Macro", "src\Athavar.FFXIV.Plugin.Macro\Athavar.FFXIV.Plugin.Macro.csproj", "{D4E8B68D-921D-4D5D-A403-DE3D7E2CA0E5}"
EndProject
Project("{FAE04EC0-301F-11D3-BF4B-00C04F79EFBC}") = "Athavar.FFXIV.Plugin.Dps", "src\Athavar.FFXIV.Plugin.Dps\Athavar.FFXIV.Plugin.Dps.csproj", "{0720CFBC-0541-45CB-BE94-4710EFC620DD}"
EndProject
Project("{FAE04EC0-301F-11D3-BF4B-00C04F79EFBC}") = "Athavar.FFXIV.Plugin.OpcodeWizard", "src\Athavar.FFXIV.Plugin.OpcodeWizard\Athavar.FFXIV.Plugin.OpcodeWizard.csproj", "{FDD8F4CD-66BD-4DF4-AC37-DB6E8F76DAAF}"
EndProject
Global
	GlobalSection(SolutionConfigurationPlatforms) = preSolution
		Release|Any CPU = Release|Any CPU
		Debug|Any CPU = Debug|Any CPU
	EndGlobalSection
	GlobalSection(ProjectConfigurationPlatforms) = postSolution
		{13C812E9-0D42-4B95-8646-40EEBF30636F}.Release|Any CPU.ActiveCfg = Release|Any CPU
		{13C812E9-0D42-4B95-8646-40EEBF30636F}.Release|Any CPU.Build.0 = Release|Any CPU
		{13C812E9-0D42-4B95-8646-40EEBF30636F}.Debug|Any CPU.ActiveCfg = Debug|Any CPU
		{13C812E9-0D42-4B95-8646-40EEBF30636F}.Debug|Any CPU.Build.0 = Debug|Any CPU
		{E0FC8DF0-5503-4235-A862-601416D21D9C}.Release|Any CPU.ActiveCfg = Release|Any CPU
		{E0FC8DF0-5503-4235-A862-601416D21D9C}.Release|Any CPU.Build.0 = Release|Any CPU
		{E0FC8DF0-5503-4235-A862-601416D21D9C}.Debug|Any CPU.ActiveCfg = Debug|Any CPU
		{E0FC8DF0-5503-4235-A862-601416D21D9C}.Debug|Any CPU.Build.0 = Debug|Any CPU
		{70F46CB0-93A0-44CF-BB72-5AF516AEA771}.Release|Any CPU.ActiveCfg = Release|Any CPU
		{70F46CB0-93A0-44CF-BB72-5AF516AEA771}.Release|Any CPU.Build.0 = Release|Any CPU
		{70F46CB0-93A0-44CF-BB72-5AF516AEA771}.Debug|Any CPU.ActiveCfg = Debug|Any CPU
		{70F46CB0-93A0-44CF-BB72-5AF516AEA771}.Debug|Any CPU.Build.0 = Debug|Any CPU
		{11174787-480D-477C-B1E7-7BDFDA45864B}.Release|Any CPU.ActiveCfg = Release|Any CPU
		{11174787-480D-477C-B1E7-7BDFDA45864B}.Release|Any CPU.Build.0 = Release|Any CPU
		{11174787-480D-477C-B1E7-7BDFDA45864B}.Debug|Any CPU.ActiveCfg = Debug|Any CPU
		{11174787-480D-477C-B1E7-7BDFDA45864B}.Debug|Any CPU.Build.0 = Debug|Any CPU
		{6CBB7829-84CD-4BBD-B850-9440D321E10D}.Release|Any CPU.ActiveCfg = Release|Any CPU
		{6CBB7829-84CD-4BBD-B850-9440D321E10D}.Release|Any CPU.Build.0 = Release|Any CPU
		{6CBB7829-84CD-4BBD-B850-9440D321E10D}.Debug|Any CPU.ActiveCfg = Debug|Any CPU
		{6CBB7829-84CD-4BBD-B850-9440D321E10D}.Debug|Any CPU.Build.0 = Debug|Any CPU
		{D4C93F44-0139-42C7-893D-C7699DDAB22C}.Release|Any CPU.ActiveCfg = Release|Any CPU
		{D4C93F44-0139-42C7-893D-C7699DDAB22C}.Release|Any CPU.Build.0 = Release|Any CPU
		{D4C93F44-0139-42C7-893D-C7699DDAB22C}.Debug|Any CPU.ActiveCfg = Debug|Any CPU
		{D4C93F44-0139-42C7-893D-C7699DDAB22C}.Debug|Any CPU.Build.0 = Debug|Any CPU
		{8871DAE6-299C-4549-8CB1-78FD48D509B5}.Release|Any CPU.ActiveCfg = Release|Any CPU
		{8871DAE6-299C-4549-8CB1-78FD48D509B5}.Release|Any CPU.Build.0 = Release|Any CPU
		{8871DAE6-299C-4549-8CB1-78FD48D509B5}.Debug|Any CPU.ActiveCfg = Debug|Any CPU
		{8871DAE6-299C-4549-8CB1-78FD48D509B5}.Debug|Any CPU.Build.0 = Debug|Any CPU
		{A12649B0-5907-457E-9C53-A4EE4CB40458}.Release|Any CPU.ActiveCfg = Release|Any CPU
		{A12649B0-5907-457E-9C53-A4EE4CB40458}.Release|Any CPU.Build.0 = Release|Any CPU
		{A12649B0-5907-457E-9C53-A4EE4CB40458}.Debug|Any CPU.ActiveCfg = Debug|Any CPU
		{A12649B0-5907-457E-9C53-A4EE4CB40458}.Debug|Any CPU.Build.0 = Debug|Any CPU
		{B43F8630-051F-4ECF-A4F7-FF8F65A947BD}.Release|Any CPU.ActiveCfg = Release|Any CPU
		{B43F8630-051F-4ECF-A4F7-FF8F65A947BD}.Release|Any CPU.Build.0 = Release|Any CPU
		{B43F8630-051F-4ECF-A4F7-FF8F65A947BD}.Debug|Any CPU.ActiveCfg = Debug|Any CPU
		{B43F8630-051F-4ECF-A4F7-FF8F65A947BD}.Debug|Any CPU.Build.0 = Debug|Any CPU
		{7EB16D2A-CF0F-4415-B8A9-41EADD1E761C}.Release|Any CPU.ActiveCfg = Release|Any CPU
		{7EB16D2A-CF0F-4415-B8A9-41EADD1E761C}.Release|Any CPU.Build.0 = Release|Any CPU
		{7EB16D2A-CF0F-4415-B8A9-41EADD1E761C}.Debug|Any CPU.ActiveCfg = Debug|Any CPU
		{7EB16D2A-CF0F-4415-B8A9-41EADD1E761C}.Debug|Any CPU.Build.0 = Debug|Any CPU
		{518AFD4A-1BA7-4987-9DD5-82E250AE9BD1}.Release|Any CPU.ActiveCfg = Release|Any CPU
		{518AFD4A-1BA7-4987-9DD5-82E250AE9BD1}.Release|Any CPU.Build.0 = Release|Any CPU
		{518AFD4A-1BA7-4987-9DD5-82E250AE9BD1}.Debug|Any CPU.ActiveCfg = Debug|Any CPU
		{518AFD4A-1BA7-4987-9DD5-82E250AE9BD1}.Debug|Any CPU.Build.0 = Debug|Any CPU
		{1C797D46-CA90-49E1-8ACD-528948331276}.Release|Any CPU.ActiveCfg = Release|Any CPU
		{1C797D46-CA90-49E1-8ACD-528948331276}.Release|Any CPU.Build.0 = Release|Any CPU
		{1C797D46-CA90-49E1-8ACD-528948331276}.Debug|Any CPU.ActiveCfg = Debug|Any CPU
		{1C797D46-CA90-49E1-8ACD-528948331276}.Debug|Any CPU.Build.0 = Debug|Any CPU
		{D4E8B68D-921D-4D5D-A403-DE3D7E2CA0E5}.Release|Any CPU.ActiveCfg = Release|Any CPU
		{D4E8B68D-921D-4D5D-A403-DE3D7E2CA0E5}.Release|Any CPU.Build.0 = Release|Any CPU
		{D4E8B68D-921D-4D5D-A403-DE3D7E2CA0E5}.Debug|Any CPU.ActiveCfg = Debug|Any CPU
		{D4E8B68D-921D-4D5D-A403-DE3D7E2CA0E5}.Debug|Any CPU.Build.0 = Debug|Any CPU
		{0720CFBC-0541-45CB-BE94-4710EFC620DD}.Release|Any CPU.ActiveCfg = Release|Any CPU
		{0720CFBC-0541-45CB-BE94-4710EFC620DD}.Release|Any CPU.Build.0 = Release|Any CPU
		{0720CFBC-0541-45CB-BE94-4710EFC620DD}.Debug|Any CPU.ActiveCfg = Debug|Any CPU
		{0720CFBC-0541-45CB-BE94-4710EFC620DD}.Debug|Any CPU.Build.0 = Debug|Any CPU
		{FDD8F4CD-66BD-4DF4-AC37-DB6E8F76DAAF}.Release|Any CPU.ActiveCfg = Release|Any CPU
		{FDD8F4CD-66BD-4DF4-AC37-DB6E8F76DAAF}.Release|Any CPU.Build.0 = Release|Any CPU
		{FDD8F4CD-66BD-4DF4-AC37-DB6E8F76DAAF}.Debug|Any CPU.ActiveCfg = Debug|Any CPU
		{FDD8F4CD-66BD-4DF4-AC37-DB6E8F76DAAF}.Debug|Any CPU.Build.0 = Debug|Any CPU
	EndGlobalSection
	GlobalSection(SolutionProperties) = preSolution
		HideSolutionNode = FALSE
	EndGlobalSection
	GlobalSection(ExtensibilityGlobals) = postSolution
		SolutionGuid = {B17E85B1-5F60-4440-9F9A-3DDE877E8CDF}
	EndGlobalSection
	GlobalSection(NestedProjects) = preSolution
		{6CBB7829-84CD-4BBD-B850-9440D321E10D} = {C90231D8-310B-43D8-9D5D-218F44C116EE}
		{A12649B0-5907-457E-9C53-A4EE4CB40458} = {C90231D8-310B-43D8-9D5D-218F44C116EE}
		{B43F8630-051F-4ECF-A4F7-FF8F65A947BD} = {C90231D8-310B-43D8-9D5D-218F44C116EE}
		{7EB16D2A-CF0F-4415-B8A9-41EADD1E761C} = {C90231D8-310B-43D8-9D5D-218F44C116EE}
		{11174787-480D-477C-B1E7-7BDFDA45864B} = {93F3C78C-FB7F-4DBC-89CB-9C78127D3BC6}
		{D4C93F44-0139-42C7-893D-C7699DDAB22C} = {93F3C78C-FB7F-4DBC-89CB-9C78127D3BC6}
		{8871DAE6-299C-4549-8CB1-78FD48D509B5} = {93F3C78C-FB7F-4DBC-89CB-9C78127D3BC6}
		{518AFD4A-1BA7-4987-9DD5-82E250AE9BD1} = {93F3C78C-FB7F-4DBC-89CB-9C78127D3BC6}
		{1C797D46-CA90-49E1-8ACD-528948331276} = {C90231D8-310B-43D8-9D5D-218F44C116EE}
		{D4E8B68D-921D-4D5D-A403-DE3D7E2CA0E5} = {C90231D8-310B-43D8-9D5D-218F44C116EE}
		{0720CFBC-0541-45CB-BE94-4710EFC620DD} = {C90231D8-310B-43D8-9D5D-218F44C116EE}
		{FDD8F4CD-66BD-4DF4-AC37-DB6E8F76DAAF} = {C90231D8-310B-43D8-9D5D-218F44C116EE}
	EndGlobalSection
EndGlobal
